
Microsoft Visual Studio Solution File, Format Version 12.00
# Visual Studio 14
VisualStudioVersion = 14.0.25420.1
MinimumVisualStudioVersion = 10.0.40219.1
Project("{FAE04EC0-301F-11D3-BF4B-00C04F79EFBC}") = "IpCamMonitor", "IpCamMonitor\IpCamMonitor.csproj", "{BECA78A7-61DB-4FC2-813E-B9D5D201F9EB}"
	ProjectSection(ProjectDependencies) = postProject
		{A5F82C96-7CE1-4038-8302-B7C0BC915765} = {A5F82C96-7CE1-4038-8302-B7C0BC915765}
	EndProjectSection
EndProject
Project("{FAE04EC0-301F-11D3-BF4B-00C04F79EFBC}") = "IpCamLibrary", "IpCamLibrary\IpCamLibrary.csproj", "{A5F82C96-7CE1-4038-8302-B7C0BC915765}"
EndProject
Project("{FAE04EC0-301F-11D3-BF4B-00C04F79EFBC}") = "IpCamCapture", "IpCamCapture\IpCamCapture.csproj", "{DD98800E-619D-4E2D-B090-31FFD07DFC18}"
	ProjectSection(ProjectDependencies) = postProject
		{A5F82C96-7CE1-4038-8302-B7C0BC915765} = {A5F82C96-7CE1-4038-8302-B7C0BC915765}
	EndProjectSection
EndProject
Global
	GlobalSection(SolutionConfigurationPlatforms) = preSolution
		Debug|Any CPU = Debug|Any CPU
		Release|Any CPU = Release|Any CPU
	EndGlobalSection
	GlobalSection(ProjectConfigurationPlatforms) = postSolution
		{BECA78A7-61DB-4FC2-813E-B9D5D201F9EB}.Debug|Any CPU.ActiveCfg = Debug|Any CPU
		{BECA78A7-61DB-4FC2-813E-B9D5D201F9EB}.Debug|Any CPU.Build.0 = Debug|Any CPU
		{BECA78A7-61DB-4FC2-813E-B9D5D201F9EB}.Release|Any CPU.ActiveCfg = Release|Any CPU
		{BECA78A7-61DB-4FC2-813E-B9D5D201F9EB}.Release|Any CPU.Build.0 = Release|Any CPU
		{A5F82C96-7CE1-4038-8302-B7C0BC915765}.Debug|Any CPU.ActiveCfg = Debug|Any CPU
		{A5F82C96-7CE1-4038-8302-B7C0BC915765}.Debug|Any CPU.Build.0 = Debug|Any CPU
		{A5F82C96-7CE1-4038-8302-B7C0BC915765}.Release|Any CPU.ActiveCfg = Release|Any CPU
		{A5F82C96-7CE1-4038-8302-B7C0BC915765}.Release|Any CPU.Build.0 = Release|Any CPU
		{DD98800E-619D-4E2D-B090-31FFD07DFC18}.Debug|Any CPU.ActiveCfg = Debug|Any CPU
		{DD98800E-619D-4E2D-B090-31FFD07DFC18}.Debug|Any CPU.Build.0 = Debug|Any CPU
		{DD98800E-619D-4E2D-B090-31FFD07DFC18}.Release|Any CPU.ActiveCfg = Release|Any CPU
		{DD98800E-619D-4E2D-B090-31FFD07DFC18}.Release|Any CPU.Build.0 = Release|Any CPU
	EndGlobalSection
	GlobalSection(SolutionProperties) = preSolution
		HideSolutionNode = FALSE
	EndGlobalSection
EndGlobal
